
Microsoft Visual Studio Solution File, Format Version 12.00
# Visual Studio 15
VisualStudioVersion = 15.0.27130.2036
MinimumVisualStudioVersion = 10.0.40219.1
Project("{9A19103F-16F7-4668-BE54-9A1E7A4F7556}") = "W8lessLabs.ScriptVersions", "W8lessLabs.ScriptVersions\W8lessLabs.ScriptVersions.csproj", "{8145FB5F-B07D-4DA0-99EF-B0C3D8600768}"
EndProject
Project("{FAE04EC0-301F-11D3-BF4B-00C04F79EFBC}") = "W8lessLabs.ScriptVersions.Test", "W8lessLabs.ScriptVersions.Test\W8lessLabs.ScriptVersions.Test.csproj", "{6540E10E-8D48-46EE-B412-E44E72981EE0}"
EndProject
Global
	GlobalSection(SolutionConfigurationPlatforms) = preSolution
		Debug|Any CPU = Debug|Any CPU
		Release|Any CPU = Release|Any CPU
	EndGlobalSection
	GlobalSection(ProjectConfigurationPlatforms) = postSolution
		{8145FB5F-B07D-4DA0-99EF-B0C3D8600768}.Debug|Any CPU.ActiveCfg = Debug|Any CPU
		{8145FB5F-B07D-4DA0-99EF-B0C3D8600768}.Debug|Any CPU.Build.0 = Debug|Any CPU
		{8145FB5F-B07D-4DA0-99EF-B0C3D8600768}.Release|Any CPU.ActiveCfg = Release|Any CPU
		{8145FB5F-B07D-4DA0-99EF-B0C3D8600768}.Release|Any CPU.Build.0 = Release|Any CPU
		{6540E10E-8D48-46EE-B412-E44E72981EE0}.Debug|Any CPU.ActiveCfg = Debug|Any CPU
		{6540E10E-8D48-46EE-B412-E44E72981EE0}.Debug|Any CPU.Build.0 = Debug|Any CPU
		{6540E10E-8D48-46EE-B412-E44E72981EE0}.Release|Any CPU.ActiveCfg = Release|Any CPU
		{6540E10E-8D48-46EE-B412-E44E72981EE0}.Release|Any CPU.Build.0 = Release|Any CPU
	EndGlobalSection
	GlobalSection(SolutionProperties) = preSolution
		HideSolutionNode = FALSE
	EndGlobalSection
	GlobalSection(ExtensibilityGlobals) = postSolution
		SolutionGuid = {5A9B9B1B-6616-475E-AD75-18348BD1D20D}
	EndGlobalSection
EndGlobal
